// !$*UTF8*$!
{
	archiveVersion = 1;
	classes = {
	};
	objectVersion = 50;
	objects = {

/* Begin PBXBuildFile section */
		ADCA60992189896600E70422 /* AppDelegate.swift in Sources */ = {isa = PBXBuildFile; fileRef = ADCA60982189896600E70422 /* AppDelegate.swift */; };
		ADCA609B2189896600E70422 /* ViewController.swift in Sources */ = {isa = PBXBuildFile; fileRef = ADCA609A2189896600E70422 /* ViewController.swift */; };
		ADCA609E2189896600E70422 /* Main.storyboard in Resources */ = {isa = PBXBuildFile; fileRef = ADCA609C2189896600E70422 /* Main.storyboard */; };
		ADCA60A02189896700E70422 /* Assets.xcassets in Resources */ = {isa = PBXBuildFile; fileRef = ADCA609F2189896700E70422 /* Assets.xcassets */; };
		ADCA60A32189896700E70422 /* LaunchScreen.storyboard in Resources */ = {isa = PBXBuildFile; fileRef = ADCA60A12189896700E70422 /* LaunchScreen.storyboard */; };
		ADCA60AB21898A4E00E70422 /* CoreLocation+Exchange.swift in Sources */ = {isa = PBXBuildFile; fileRef = ADCA60AA21898A4E00E70422 /* CoreLocation+Exchange.swift */; };
		ADCA60B121898D5900E70422 /* SuZhouSIS5.gpx in Resources */ = {isa = PBXBuildFile; fileRef = ADCA60B021898D5900E70422 /* SuZhouSIS5.gpx */; };
/* End PBXBuildFile section */

/* Begin PBXFileReference section */
		ADCA60952189896600E70422 /* ChangeLocation.app */ = {isa = PBXFileReference; explicitFileType = wrapper.application; includeInIndex = 0; path = ChangeLocation.app; sourceTree = BUILT_PRODUCTS_DIR; };
		ADCA60982189896600E70422 /* AppDelegate.swift */ = {isa = PBXFileReference; lastKnownFileType = sourcecode.swift; path = AppDelegate.swift; sourceTree = "<group>"; };
		ADCA609A2189896600E70422 /* ViewController.swift */ = {isa = PBXFileReference; lastKnownFileType = sourcecode.swift; path = ViewController.swift; sourceTree = "<group>"; };
		ADCA609D2189896600E70422 /* Base */ = {isa = PBXFileReference; lastKnownFileType = file.storyboard; name = Base; path = Base.lproj/Main.storyboard; sourceTree = "<group>"; };
		ADCA609F2189896700E70422 /* Assets.xcassets */ = {isa = PBXFileReference; lastKnownFileType = folder.assetcatalog; path = Assets.xcassets; sourceTree = "<group>"; };
		ADCA60A22189896700E70422 /* Base */ = {isa = PBXFileReference; lastKnownFileType = file.storyboard; name = Base; path = Base.lproj/LaunchScreen.storyboard; sourceTree = "<group>"; };
		ADCA60A42189896700E70422 /* Info.plist */ = {isa = PBXFileReference; lastKnownFileType = text.plist.xml; path = Info.plist; sourceTree = "<group>"; };
		ADCA60AA21898A4E00E70422 /* CoreLocation+Exchange.swift */ = {isa = PBXFileReference; lastKnownFileType = sourcecode.swift; path = "CoreLocation+Exchange.swift"; sourceTree = "<group>"; };
		ADCA60B021898D5900E70422 /* SuZhouSIS5.gpx */ = {isa = PBXFileReference; fileEncoding = 4; lastKnownFileType = text.xml; path = SuZhouSIS5.gpx; sourceTree = "<group>"; };
/* End PBXFileReference section */

/* Begin PBXFrameworksBuildPhase section */
		ADCA60922189896600E70422 /* Frameworks */ = {
			isa = PBXFrameworksBuildPhase;
			buildActionMask = 2147483647;
			files = (
			);
			runOnlyForDeploymentPostprocessing = 0;
		};
/* End PBXFrameworksBuildPhase section */

/* Begin PBXGroup section */
		ADCA608C2189896600E70422 = {
			isa = PBXGroup;
			children = (
				ADCA60972189896600E70422 /* ChangeLocation */,
				ADCA60962189896600E70422 /* Products */,
			);
			sourceTree = "<group>";
		};
		ADCA60962189896600E70422 /* Products */ = {
			isa = PBXGroup;
			children = (
				ADCA60952189896600E70422 /* ChangeLocation.app */,
			);
			name = Products;
			sourceTree = "<group>";
		};
		ADCA60972189896600E70422 /* ChangeLocation */ = {
			isa = PBXGroup;
			children = (
				ADCA60982189896600E70422 /* AppDelegate.swift */,
				ADCA609A2189896600E70422 /* ViewController.swift */,
				ADCA60AA21898A4E00E70422 /* CoreLocation+Exchange.swift */,
				ADCA609C2189896600E70422 /* Main.storyboard */,
				ADCA609F2189896700E70422 /* Assets.xcassets */,
				ADCA60A12189896700E70422 /* LaunchScreen.storyboard */,
				ADCA60B021898D5900E70422 /* SuZhouSIS5.gpx */,
				ADCA60A42189896700E70422 /* Info.plist */,
			);
			path = ChangeLocation;
			sourceTree = "<group>";
		};
/* End PBXGroup section */

/* Begin PBXNativeTarget section */
		ADCA60942189896600E70422 /* ChangeLocation */ = {
			isa = PBXNativeTarget;
			buildConfigurationList = ADCA60A72189896700E70422 /* Build configuration list for PBXNativeTarget "ChangeLocation" */;
			buildPhases = (
				ADCA60912189896600E70422 /* Sources */,
				ADCA60922189896600E70422 /* Frameworks */,
				ADCA60932189896600E70422 /* Resources */,
			);
			buildRules = (
			);
			dependencies = (
			);
			name = ChangeLocation;
			productName = ChangeLocation;
			productReference = ADCA60952189896600E70422 /* ChangeLocation.app */;
			productType = "com.apple.product-type.application";
		};
/* End PBXNativeTarget section */

/* Begin PBXProject section */
		ADCA608D2189896600E70422 /* Project object */ = {
			isa = PBXProject;
			attributes = {
				LastSwiftUpdateCheck = 1000;
				LastUpgradeCheck = 1000;
				ORGANIZATIONNAME = haoran;
				TargetAttributes = {
					ADCA60942189896600E70422 = {
						CreatedOnToolsVersion = 10.0;
					};
				};
			};
			buildConfigurationList = ADCA60902189896600E70422 /* Build configuration list for PBXProject "ChangeLocation" */;
			compatibilityVersion = "Xcode 9.3";
			developmentRegion = en;
			hasScannedForEncodings = 0;
			knownRegions = (
				en,
				Base,
			);
			mainGroup = ADCA608C2189896600E70422;
			productRefGroup = ADCA60962189896600E70422 /* Products */;
			projectDirPath = "";
			projectRoot = "";
			targets = (
				ADCA60942189896600E70422 /* ChangeLocation */,
			);
		};
/* End PBXProject section */

/* Begin PBXResourcesBuildPhase section */
		ADCA60932189896600E70422 /* Resources */ = {
			isa = PBXResourcesBuildPhase;
			buildActionMask = 2147483647;
			files = (
				ADCA60A32189896700E70422 /* LaunchScreen.storyboard in Resources */,
				ADCA60B121898D5900E70422 /* SuZhouSIS5.gpx in Resources */,
				ADCA60A02189896700E70422 /* Assets.xcassets in Resources */,
				ADCA609E2189896600E70422 /* Main.storyboard in Resources */,
			);
			runOnlyForDeploymentPostprocessing = 0;
		};
/* End PBXResourcesBuildPhase section */

/* Begin PBXSourcesBuildPhase section */
		ADCA60912189896600E70422 /* Sources */ = {
			isa = PBXSourcesBuildPhase;
			buildActionMask = 2147483647;
			files = (
				ADCA60AB21898A4E00E70422 /* CoreLocation+Exchange.swift in Sources */,
				ADCA609B2189896600E70422 /* ViewController.swift in Sources */,
				ADCA60992189896600E70422 /* AppDelegate.swift in Sources */,
			);
			runOnlyForDeploymentPostprocessing = 0;
		};
/* End PBXSourcesBuildPhase section */

/* Begin PBXVariantGroup section */
		ADCA609C2189896600E70422 /* Main.storyboard */ = {
			isa = PBXVariantGroup;
			children = (
				ADCA609D2189896600E70422 /* Base */,
			);
			name = Main.storyboard;
			sourceTree = "<group>";
		};
		ADCA60A12189896700E70422 /* LaunchScreen.storyboard */ = {
			isa = PBXVariantGroup;
			children = (
				ADCA60A22189896700E70422 /* Base */,
			);
			name = LaunchScreen.storyboard;
			sourceTree = "<group>";
		};
/* End PBXVariantGroup section */

/* Begin XCBuildConfiguration section */
		ADCA60A52189896700E70422 /* Debug */ = {
			isa = XCBuildConfiguration;
			buildSettings = {
				ALWAYS_SEARCH_USER_PATHS = NO;
				CLANG_ANALYZER_NONNULL = YES;
				CLANG_ANALYZER_NUMBER_OBJECT_CONVERSION = YES_AGGRESSIVE;
				CLANG_CXX_LANGUAGE_STANDARD = "gnu++14";
				CLANG_CXX_LIBRARY = "libc++";
				CLANG_ENABLE_MODULES = YES;
				CLANG_ENABLE_OBJC_ARC = YES;
				CLANG_ENABLE_OBJC_WEAK = YES;
				CLANG_WARN_BLOCK_CAPTURE_AUTORELEASING = YES;
				CLANG_WARN_BOOL_CONVERSION = YES;
				CLANG_WARN_COMMA = YES;
				CLANG_WARN_CONSTANT_CONVERSION = YES;
				CLANG_WARN_DEPRECATED_OBJC_IMPLEMENTATIONS = YES;
				CLANG_WARN_DIRECT_OBJC_ISA_USAGE = YES_ERROR;
				CLANG_WARN_DOCUMENTATION_COMMENTS = YES;
				CLANG_WARN_EMPTY_BODY = YES;
				CLANG_WARN_ENUM_CONVERSION = YES;
				CLANG_WARN_INFINITE_RECURSION = YES;
				CLANG_WARN_INT_CONVERSION = YES;
				CLANG_WARN_NON_LITERAL_NULL_CONVERSION = YES;
				CLANG_WARN_OBJC_IMPLICIT_RETAIN_SELF = YES;
				CLANG_WARN_OBJC_LITERAL_CONVERSION = YES;
				CLANG_WARN_OBJC_ROOT_CLASS = YES_ERROR;
				CLANG_WARN_RANGE_LOOP_ANALYSIS = YES;
				CLANG_WARN_STRICT_PROTOTYPES = YES;
				CLANG_WARN_SUSPICIOUS_MOVE = YES;
				CLANG_WARN_UNGUARDED_AVAILABILITY = YES_AGGRESSIVE;
				CLANG_WARN_UNREACHABLE_CODE = YES;
				CLANG_WARN__DUPLICATE_METHOD_MATCH = YES;
				CODE_SIGN_IDENTITY = "iPhone Developer";
				COPY_PHASE_STRIP = NO;
				DEBUG_INFORMATION_FORMAT = dwarf;
				ENABLE_STRICT_OBJC_MSGSEND = YES;
				ENABLE_TESTABILITY = YES;
				GCC_C_LANGUAGE_STANDARD = gnu11;
				GCC_DYNAMIC_NO_PIC = NO;
				GCC_NO_COMMON_BLOCKS = YES;
				GCC_OPTIMIZATION_LEVEL = 0;
				GCC_PREPROCESSOR_DEFINITIONS = (
					"DEBUG=1",
					"$(inherited)",
				);
				GCC_WARN_64_TO_32_BIT_CONVERSION = YES;
				GCC_WARN_ABOUT_RETURN_TYPE = YES_ERROR;
				GCC_WARN_UNDECLARED_SELECTOR = YES;
				GCC_WARN_UNINITIALIZED_AUTOS = YES_AGGRESSIVE;
				GCC_WARN_UNUSED_FUNCTION = YES;
				GCC_WARN_UNUSED_VARIABLE = YES;
				IPHONEOS_DEPLOYMENT_TARGET = 12.0;
				MTL_ENABLE_DEBUG_INFO = INCLUDE_SOURCE;
				MTL_FAST_MATH = YES;
				ONLY_ACTIVE_ARCH = YES;
				SDKROOT = iphoneos;
				SWIFT_ACTIVE_COMPILATION_CONDITIONS = DEBUG;
				SWIFT_OPTIMIZATION_LEVEL = "-Onone";
			};
			name = Debug;
		};
		ADCA60A62189896700E70422 /* Release */ = {
			isa = XCBuildConfiguration;
			buildSettings = {
				ALWAYS_SEARCH_USER_PATHS = NO;
				CLANG_ANALYZER_NONNULL = YES;
				CLANG_ANALYZER_NUMBER_OBJECT_CONVERSION = YES_AGGRESSIVE;
				CLANG_CXX_LANGUAGE_STANDARD = "gnu++14";
				CLANG_CXX_LIBRARY = "libc++";
				CLANG_ENABLE_MODULES = YES;
				CLANG_ENABLE_OBJC_ARC = YES;
				CLANG_ENABLE_OBJC_WEAK = YES;
				CLANG_WARN_BLOCK_CAPTURE_AUTORELEASING = YES;
				CLANG_WARN_BOOL_CONVERSION = YES;
				CLANG_WARN_COMMA = YES;
				CLANG_WARN_CONSTANT_CONVERSION = YES;
				CLANG_WARN_DEPRECATED_OBJC_IMPLEMENTATIONS = YES;
				CLANG_WARN_DIRECT_OBJC_ISA_USAGE = YES_ERROR;
				CLANG_WARN_DOCUMENTATION_COMMENTS = YES;
				CLANG_WARN_EMPTY_BODY = YES;
				CLANG_WARN_ENUM_CONVERSION = YES;
				CLANG_WARN_INFINITE_RECURSION = YES;
				CLANG_WARN_INT_CONVERSION = YES;
				CLANG_WARN_NON_LITERAL_NULL_CONVERSION = YES;
				CLANG_WARN_OBJC_IMPLICIT_RETAIN_SELF = YES;
				CLANG_WARN_OBJC_LITERAL_CONVERSION = YES;
				CLANG_WARN_OBJC_ROOT_CLASS = YES_ERROR;
				CLANG_WARN_RANGE_LOOP_ANALYSIS = YES;
				CLANG_WARN_STRICT_PROTOTYPES = YES;
				CLANG_WARN_SUSPICIOUS_MOVE = YES;
				CLANG_WARN_UNGUARDED_AVAILABILITY = YES_AGGRESSIVE;
				CLANG_WARN_UNREACHABLE_CODE = YES;
				CLANG_WARN__DUPLICATE_METHOD_MATCH = YES;
				CODE_SIGN_IDENTITY = "iPhone Developer";
				COPY_PHASE_STRIP = NO;
				DEBUG_INFORMATION_FORMAT = "dwarf-with-dsym";
				ENABLE_NS_ASSERTIONS = NO;
				ENABLE_STRICT_OBJC_MSGSEND = YES;
				GCC_C_LANGUAGE_STANDARD = gnu11;
				GCC_NO_COMMON_BLOCKS = YES;
				GCC_WARN_64_TO_32_BIT_CONVERSION = YES;
				GCC_WARN_ABOUT_RETURN_TYPE = YES_ERROR;
				GCC_WARN_UNDECLARED_SELECTOR = YES;
				GCC_WARN_UNINITIALIZED_AUTOS = YES_AGGRESSIVE;
				GCC_WARN_UNUSED_FUNCTION = YES;
				GCC_WARN_UNUSED_VARIABLE = YES;
				IPHONEOS_DEPLOYMENT_TARGET = 12.0;
				MTL_ENABLE_DEBUG_INFO = NO;
				MTL_FAST_MATH = YES;
				SDKROOT = iphoneos;
				SWIFT_COMPILATION_MODE = wholemodule;
				SWIFT_OPTIMIZATION_LEVEL = "-O";
				VALIDATE_PRODUCT = YES;
			};
			name = Release;
		};
		ADCA60A82189896700E70422 /* Debug */ = {
			isa = XCBuildConfiguration;
			buildSettings = {
				ASSETCATALOG_COMPILER_APPICON_NAME = AppIcon;
				CODE_SIGN_STYLE = Automatic;
				DEVELOPMENT_TEAM = 5BDQF9LPZ9;
				INFOPLIST_FILE = ChangeLocation/Info.plist;
				LD_RUNPATH_SEARCH_PATHS = (
					"$(inherited)",
					"@executable_path/Frameworks",
				);
				PRODUCT_BUNDLE_IDENTIFIER = com.haoran.ChangeLocation;
				PRODUCT_NAME = "$(TARGET_NAME)";
				SWIFT_VERSION = 4.2;
				TARGETED_DEVICE_FAMILY = "1,2";
			};
			name = Debug;
		};
		ADCA60A92189896700E70422 /* Release */ = {
			isa = XCBuildConfiguration;
			buildSettings = {
				ASSETCATALOG_COMPILER_APPICON_NAME = AppIcon;
				CODE_SIGN_STYLE = Automatic;
				DEVELOPMENT_TEAM = 5BDQF9LPZ9;
				INFOPLIST_FILE = ChangeLocation/Info.plist;
				LD_RUNPATH_SEARCH_PATHS = (
					"$(inherited)",
					"@executable_path/Frameworks",
				);
				PRODUCT_BUNDLE_IDENTIFIER = com.haoran.ChangeLocation;
				PRODUCT_NAME = "$(TARGET_NAME)";
				SWIFT_VERSION = 4.2;
				TARGETED_DEVICE_FAMILY = "1,2";
			};
			name = Release;
		};
/* End XCBuildConfiguration section */

/* Begin XCConfigurationList section */
		ADCA60902189896600E70422 /* Build configuration list for PBXProject "ChangeLocation" */ = {
			isa = XCConfigurationList;
			buildConfigurations = (
				ADCA60A52189896700E70422 /* Debug */,
				ADCA60A62189896700E70422 /* Release */,
			);
			defaultConfigurationIsVisible = 0;
			defaultConfigurationName = Release;
		};
		ADCA60A72189896700E70422 /* Build configuration list for PBXNativeTarget "ChangeLocation" */ = {
			isa = XCConfigurationList;
			buildConfigurations = (
				ADCA60A82189896700E70422 /* Debug */,
				ADCA60A92189896700E70422 /* Release */,
			);
			defaultConfigurationIsVisible = 0;
			defaultConfigurationName = Release;
		};
/* End XCConfigurationList section */
	};
	rootObject = ADCA608D2189896600E70422 /* Project object */;
}
